// !$*UTF8*$!
{
	archiveVersion = 1;
	classes = {
	};
	objectVersion = 56;
	objects = {

/* Begin PBXBuildFile section */
		A1000001AAAAAAAA00000001 /* ProCameraApp.swift in Sources */ = {isa = PBXBuildFile; fileRef = A1000002AAAAAAAA00000002 /* ProCameraApp.swift */; };
		A1000003AAAAAAAA00000003 /* ContentView.swift in Sources */ = {isa = PBXBuildFile; fileRef = A1000004AAAAAAAA00000004 /* ContentView.swift */; };
		A1000005AAAAAAAA00000005 /* CameraManager.swift in Sources */ = {isa = PBXBuildFile; fileRef = A1000006AAAAAAAA00000006 /* CameraManager.swift */; };
		A1000007AAAAAAAA00000007 /* CameraPreviewView.swift in Sources */ = {isa = PBXBuildFile; fileRef = A1000008AAAAAAAA00000008 /* CameraPreviewView.swift */; };
		A100000BAAAAAAAA0000000B /* AnalogGaugeView.swift in Sources */ = {isa = PBXBuildFile; fileRef = A100000CAAAAAAAA0000000C /* AnalogGaugeView.swift */; };
		A100000DAAAAAAAA0000000D /* ViewfinderOverlay.swift in Sources */ = {isa = PBXBuildFile; fileRef = A100000EAAAAAAAA0000000E /* ViewfinderOverlay.swift */; };
		A100000FAAAAAAAA0000000F /* ControlComponents.swift in Sources */ = {isa = PBXBuildFile; fileRef = A1000011AAAAAAAA00000011 /* ControlComponents.swift */; };
		A1000012AAAAAAAA00000012 /* ShaderViews.swift in Sources */ = {isa = PBXBuildFile; fileRef = A1000013AAAAAAAA00000013 /* ShaderViews.swift */; };
		A1000014AAAAAAAA00000014 /* Shaders.metal in Sources */ = {isa = PBXBuildFile; fileRef = A1000015AAAAAAAA00000015 /* Shaders.metal */; };
		A1000016BBBBBBBB00000016 /* FilteredCameraPreview.swift in Sources */ = {isa = PBXBuildFile; fileRef = A1000017BBBBBBBB00000017 /* FilteredCameraPreview.swift */; };
		A100001ABBBBBBBB0000001A /* LensFXEngine.swift in Sources */ = {isa = PBXBuildFile; fileRef = A100001BBBBBBBBB0000001B /* LensFXEngine.swift */; };
		A100001CBBBBBBBB0000001C /* PhotoBook.swift in Sources */ = {isa = PBXBuildFile; fileRef = A100001DBBBBBBBB0000001D /* PhotoBook.swift */; };
		A100001EBBBBBBBB0000001E /* CloudBooks.swift in Sources */ = {isa = PBXBuildFile; fileRef = A100001FBBBBBBBB0000001F /* CloudBooks.swift */; };
		A1000022EEEEEEEE00000001 /* ShootCull.swift in Sources */ = {isa = PBXBuildFile; fileRef = A1000022EEEEEEEE00000002 /* ShootCull.swift */; };
		A1000023EEEEEEEE00000001 /* CullGallery.swift in Sources */ = {isa = PBXBuildFile; fileRef = A1000023EEEEEEEE00000002 /* CullGallery.swift */; };
		A1000024EEEEEEEE00000001 /* CullChrome.swift in Sources */ = {isa = PBXBuildFile; fileRef = A1000024EEEEEEEE00000002 /* CullChrome.swift */; };
		A1000025FFFFFFFF00000001 /* ViewfinderAids.swift in Sources */ = {isa = PBXBuildFile; fileRef = A1000025FFFFFFFF00000002 /* ViewfinderAids.swift */; };
		A1000026FFFFFFFF00000001 /* LookRecipes.swift in Sources */ = {isa = PBXBuildFile; fileRef = A1000026FFFFFFFF00000002 /* LookRecipes.swift */; };
		A1000018CCCCCCCC00000018 /* Assets.xcassets in Resources */ = {isa = PBXBuildFile; fileRef = A1000019CCCCCCCC00000019 /* Assets.xcassets */; };
		A1000020DDDDDDDD00000001 /* Fingertips in Frameworks */ = {isa = PBXBuildFile; productRef = A1000020DDDDDDDD00000002 /* Fingertips */; };

		A1000027GGGGGGGG00000001 /* ShutterDeepLink.swift in Sources */ = {isa = PBXBuildFile; fileRef = A1000027GGGGGGGG00000002 /* ShutterDeepLink.swift */; };
		A1000028GGGGGGGG00000001 /* ShutterCaptureContext.swift in Sources */ = {isa = PBXBuildFile; fileRef = A1000028GGGGGGGG00000002 /* ShutterCaptureContext.swift */; };
		A1000029GGGGGGGG00000001 /* ShutterAppIntents.swift in Sources */ = {isa = PBXBuildFile; fileRef = A1000029GGGGGGGG00000002 /* ShutterAppIntents.swift */; };
		A1000030WWWWWWWW00000001 /* ShutterWidgetsBundle.swift in Sources */ = {isa = PBXBuildFile; fileRef = A1000030WWWWWWWW00000002 /* ShutterWidgetsBundle.swift */; };
		A1000031WWWWWWWW00000001 /* ShutterDeepLink.swift in Sources */ = {isa = PBXBuildFile; fileRef = A1000027GGGGGGGG00000002 /* ShutterDeepLink.swift */; };
		A1000032WWWWWWWW00000001 /* ShutterCaptureContext.swift in Sources */ = {isa = PBXBuildFile; fileRef = A1000028GGGGGGGG00000002 /* ShutterCaptureContext.swift */; };
		A1000033CCCCCCC000000001 /* ShutterCaptureExtension.swift in Sources */ = {isa = PBXBuildFile; fileRef = A1000033CCCCCCC000000002 /* ShutterCaptureExtension.swift */; };
		A1000034CCCCCCC000000001 /* ShutterDeepLink.swift in Sources */ = {isa = PBXBuildFile; fileRef = A1000027GGGGGGGG00000002 /* ShutterDeepLink.swift */; };
		A1000035CCCCCCC000000001 /* ShutterCaptureContext.swift in Sources */ = {isa = PBXBuildFile; fileRef = A1000028GGGGGGGG00000002 /* ShutterCaptureContext.swift */; };
		A1000036EEEEEEEE00000001 /* ShutterWidgets.appex in Embed Foundation Extensions */ = {isa = PBXBuildFile; fileRef = A1000036EEEEEEEE00000002 /* ShutterWidgets.appex */; settings = {ATTRIBUTES = (RemoveHeadersOnCopy, ); }; };
		A1000037EEEEEEEE00000001 /* ShutterCaptureExtension.appex in Embed Foundation Extensions */ = {isa = PBXBuildFile; fileRef = A1000037EEEEEEEE00000002 /* ShutterCaptureExtension.appex */; settings = {ATTRIBUTES = (RemoveHeadersOnCopy, ); }; };

		A100002ASSSSSSSS00000001 /* ShutterSettings.swift in Sources */ = {isa = PBXBuildFile; fileRef = A100002ASSSSSSSS00000002 /* ShutterSettings.swift */; };
		A100002BPPPPPPPP00000001 /* ProofExport.swift in Sources */ = {isa = PBXBuildFile; fileRef = A100002BPPPPPPPP00000002 /* ProofExport.swift */; };
/* End PBXBuildFile section */

/* Begin PBXFileReference section */
		A1000002AAAAAAAA00000002 /* ProCameraApp.swift */ = {isa = PBXFileReference; lastKnownFileType = sourcecode.swift; path = ProCameraApp.swift; sourceTree = "<group>"; };
		A1000004AAAAAAAA00000004 /* ContentView.swift */ = {isa = PBXFileReference; lastKnownFileType = sourcecode.swift; path = ContentView.swift; sourceTree = "<group>"; };
		A1000006AAAAAAAA00000006 /* CameraManager.swift */ = {isa = PBXFileReference; lastKnownFileType = sourcecode.swift; path = CameraManager.swift; sourceTree = "<group>"; };
		A1000008AAAAAAAA00000008 /* CameraPreviewView.swift */ = {isa = PBXFileReference; lastKnownFileType = sourcecode.swift; path = CameraPreviewView.swift; sourceTree = "<group>"; };
		A1000009AAAAAAAA00000009 /* Info.plist */ = {isa = PBXFileReference; lastKnownFileType = text.plist.xml; path = Info.plist; sourceTree = "<group>"; };
		A100000CAAAAAAAA0000000C /* AnalogGaugeView.swift */ = {isa = PBXFileReference; lastKnownFileType = sourcecode.swift; path = AnalogGaugeView.swift; sourceTree = "<group>"; };
		A100000EAAAAAAAA0000000E /* ViewfinderOverlay.swift */ = {isa = PBXFileReference; lastKnownFileType = sourcecode.swift; path = ViewfinderOverlay.swift; sourceTree = "<group>"; };
		A1000010AAAAAAAA00000010 /* ProCamera.app */ = {isa = PBXFileReference; explicitFileType = wrapper.application; includeInIndex = 0; path = ProCamera.app; sourceTree = BUILT_PRODUCTS_DIR; };
		A1000011AAAAAAAA00000011 /* ControlComponents.swift */ = {isa = PBXFileReference; lastKnownFileType = sourcecode.swift; path = ControlComponents.swift; sourceTree = "<group>"; };
		A1000013AAAAAAAA00000013 /* ShaderViews.swift */ = {isa = PBXFileReference; lastKnownFileType = sourcecode.swift; path = ShaderViews.swift; sourceTree = "<group>"; };
		A1000015AAAAAAAA00000015 /* Shaders.metal */ = {isa = PBXFileReference; lastKnownFileType = sourcecode.metal; path = Shaders.metal; sourceTree = "<group>"; };
		A1000017BBBBBBBB00000017 /* FilteredCameraPreview.swift */ = {isa = PBXFileReference; lastKnownFileType = sourcecode.swift; path = FilteredCameraPreview.swift; sourceTree = "<group>"; };
		A100001BBBBBBBBB0000001B /* LensFXEngine.swift */ = {isa = PBXFileReference; lastKnownFileType = sourcecode.swift; path = LensFXEngine.swift; sourceTree = "<group>"; };
		A100001DBBBBBBBB0000001D /* PhotoBook.swift */ = {isa = PBXFileReference; lastKnownFileType = sourcecode.swift; path = PhotoBook.swift; sourceTree = "<group>"; };
		A100001FBBBBBBBB0000001F /* CloudBooks.swift */ = {isa = PBXFileReference; lastKnownFileType = sourcecode.swift; path = CloudBooks.swift; sourceTree = "<group>"; };
		A1000022EEEEEEEE00000002 /* ShootCull.swift */ = {isa = PBXFileReference; lastKnownFileType = sourcecode.swift; path = ShootCull.swift; sourceTree = "<group>"; };
		A1000023EEEEEEEE00000002 /* CullGallery.swift */ = {isa = PBXFileReference; lastKnownFileType = sourcecode.swift; path = CullGallery.swift; sourceTree = "<group>"; };
		A1000024EEEEEEEE00000002 /* CullChrome.swift */ = {isa = PBXFileReference; lastKnownFileType = sourcecode.swift; path = CullChrome.swift; sourceTree = "<group>"; };
		A1000025FFFFFFFF00000002 /* ViewfinderAids.swift */ = {isa = PBXFileReference; lastKnownFileType = sourcecode.swift; path = ViewfinderAids.swift; sourceTree = "<group>"; };
		A1000026FFFFFFFF00000002 /* LookRecipes.swift */ = {isa = PBXFileReference; lastKnownFileType = sourcecode.swift; path = LookRecipes.swift; sourceTree = "<group>"; };
		A1000021BBBBBBBB00000021 /* ProCamera.entitlements */ = {isa = PBXFileReference; lastKnownFileType = text.plist.entitlements; path = ProCamera.entitlements; sourceTree = "<group>"; };
		A1000019CCCCCCCC00000019 /* Assets.xcassets */ = {isa = PBXFileReference; lastKnownFileType = folder.assetcatalog; path = Assets.xcassets; sourceTree = "<group>"; };

		A1000027GGGGGGGG00000002 /* ShutterDeepLink.swift */ = {isa = PBXFileReference; lastKnownFileType = sourcecode.swift; path = ShutterDeepLink.swift; sourceTree = "<group>"; };
		A1000028GGGGGGGG00000002 /* ShutterCaptureContext.swift */ = {isa = PBXFileReference; lastKnownFileType = sourcecode.swift; path = ShutterCaptureContext.swift; sourceTree = "<group>"; };
		A1000029GGGGGGGG00000002 /* ShutterAppIntents.swift */ = {isa = PBXFileReference; lastKnownFileType = sourcecode.swift; path = ShutterAppIntents.swift; sourceTree = "<group>"; };
		A1000030WWWWWWWW00000002 /* ShutterWidgetsBundle.swift */ = {isa = PBXFileReference; lastKnownFileType = sourcecode.swift; path = ShutterWidgetsBundle.swift; sourceTree = "<group>"; };
		A1000030WWWWWWWW00000003 /* Info.plist */ = {isa = PBXFileReference; lastKnownFileType = text.plist.xml; path = Info.plist; sourceTree = "<group>"; };
		A1000030WWWWWWWW00000004 /* ShutterWidgets.entitlements */ = {isa = PBXFileReference; lastKnownFileType = text.plist.entitlements; path = ShutterWidgets.entitlements; sourceTree = "<group>"; };
		A1000033CCCCCCC000000002 /* ShutterCaptureExtension.swift */ = {isa = PBXFileReference; lastKnownFileType = sourcecode.swift; path = ShutterCaptureExtension.swift; sourceTree = "<group>"; };
		A1000033CCCCCCC000000003 /* Info.plist */ = {isa = PBXFileReference; lastKnownFileType = text.plist.xml; path = Info.plist; sourceTree = "<group>"; };
		A1000033CCCCCCC000000004 /* ShutterCaptureExtension.entitlements */ = {isa = PBXFileReference; lastKnownFileType = text.plist.entitlements; path = ShutterCaptureExtension.entitlements; sourceTree = "<group>"; };
		A1000036EEEEEEEE00000002 /* ShutterWidgets.appex */ = {isa = PBXFileReference; explicitFileType = "wrapper.app-extension"; includeInIndex = 0; path = ShutterWidgets.appex; sourceTree = BUILT_PRODUCTS_DIR; };
		A1000037EEEEEEEE00000002 /* ShutterCaptureExtension.appex */ = {isa = PBXFileReference; explicitFileType = "wrapper.app-extension"; includeInIndex = 0; path = ShutterCaptureExtension.appex; sourceTree = BUILT_PRODUCTS_DIR; };

		A100002ASSSSSSSS00000002 /* ShutterSettings.swift */ = {isa = PBXFileReference; lastKnownFileType = sourcecode.swift; path = ShutterSettings.swift; sourceTree = "<group>"; };
		A100002BPPPPPPPP00000002 /* ProofExport.swift */ = {isa = PBXFileReference; lastKnownFileType = sourcecode.swift; path = ProofExport.swift; sourceTree = "<group>"; };
/* End PBXFileReference section */


/* Begin PBXCopyFilesBuildPhase section */
		A10000E0EEEEEEEE00000001 /* Embed Foundation Extensions */ = {
			isa = PBXCopyFilesBuildPhase;
			buildActionMask = 2147483647;
			dstPath = "";
			dstSubfolderSpec = 13;
			files = (
				A1000036EEEEEEEE00000001 /* ShutterWidgets.appex in Embed Foundation Extensions */,
				A1000037EEEEEEEE00000001 /* ShutterCaptureExtension.appex in Embed Foundation Extensions */,
			);
			name = "Embed Foundation Extensions";
			runOnlyForDeploymentPostprocessing = 0;
		};
/* End PBXCopyFilesBuildPhase section */

/* Begin PBXFrameworksBuildPhase section */
		A1000020AAAAAAAA00000020 /* Frameworks */ = {
			isa = PBXFrameworksBuildPhase;
			buildActionMask = 2147483647;
			files = (
				A1000020DDDDDDDD00000001 /* Fingertips in Frameworks */,
			);
			runOnlyForDeploymentPostprocessing = 0;
		};

		A10000W1WWWWWWWW00000001 /* Frameworks */ = {
			isa = PBXFrameworksBuildPhase;
			buildActionMask = 2147483647;
			files = (
			);
			runOnlyForDeploymentPostprocessing = 0;
		};
		A10000C1CCCCCCC000000001 /* Frameworks */ = {
			isa = PBXFrameworksBuildPhase;
			buildActionMask = 2147483647;
			files = (
			);
			runOnlyForDeploymentPostprocessing = 0;
		};
/* End PBXFrameworksBuildPhase section */

/* Begin PBXGroup section */
		A10000W0WWWWWWWW00000001 /* ShutterWidgets */ = {
			isa = PBXGroup;
			children = (
				A1000030WWWWWWWW00000002 /* ShutterWidgetsBundle.swift */,
				A1000030WWWWWWWW00000003 /* Info.plist */,
				A1000030WWWWWWWW00000004 /* ShutterWidgets.entitlements */,
			);
			path = ShutterWidgets;
			sourceTree = "<group>";
		};
		A10000C0CCCCCCC000000001 /* ShutterCaptureExtension */ = {
			isa = PBXGroup;
			children = (
				A1000033CCCCCCC000000002 /* ShutterCaptureExtension.swift */,
				A1000033CCCCCCC000000003 /* Info.plist */,
				A1000033CCCCCCC000000004 /* ShutterCaptureExtension.entitlements */,
			);
			path = ShutterCaptureExtension;
			sourceTree = "<group>";
		};

		A1000030AAAAAAAA00000030 = {
			isa = PBXGroup;
			children = (
				A1000031AAAAAAAA00000031 /*  */,
				A1000032AAAAAAAA00000032 /* Products */,
			);
			sourceTree = "<group>";
		};
		A1000031AAAAAAAA00000031 /*  */ = {
			isa = PBXGroup;
			children = (
				A1000002AAAAAAAA00000002 /* ProCameraApp.swift */,
				A1000004AAAAAAAA00000004 /* ContentView.swift */,
				A1000006AAAAAAAA00000006 /* CameraManager.swift */,
				A1000008AAAAAAAA00000008 /* CameraPreviewView.swift */,
				A1000017BBBBBBBB00000017 /* FilteredCameraPreview.swift */,
				A100001BBBBBBBBB0000001B /* LensFXEngine.swift */,
				A100001DBBBBBBBB0000001D /* PhotoBook.swift */,
				A100001FBBBBBBBB0000001F /* CloudBooks.swift */,
				A1000022EEEEEEEE00000002 /* ShootCull.swift */,
				A1000023EEEEEEEE00000002 /* CullGallery.swift */,
				A1000024EEEEEEEE00000002 /* CullChrome.swift */,
				A1000025FFFFFFFF00000002 /* ViewfinderAids.swift */,
				A1000026FFFFFFFF00000002 /* LookRecipes.swift */,
				A1000027GGGGGGGG00000002 /* ShutterDeepLink.swift */,
				A1000028GGGGGGGG00000002 /* ShutterCaptureContext.swift */,
				A1000029GGGGGGGG00000002 /* ShutterAppIntents.swift */,
				A100002ASSSSSSSS00000002 /* ShutterSettings.swift */,
				A100002BPPPPPPPP00000002 /* ProofExport.swift */,
				A10000W0WWWWWWWW00000001 /* ShutterWidgets */,
				A10000C0CCCCCCC000000001 /* ShutterCaptureExtension */,
				A1000021BBBBBBBB00000021 /* ProCamera.entitlements */,
				A100000CAAAAAAAA0000000C /* AnalogGaugeView.swift */,
				A100000EAAAAAAAA0000000E /* ViewfinderOverlay.swift */,
				A1000011AAAAAAAA00000011 /* ControlComponents.swift */,
				A1000013AAAAAAAA00000013 /* ShaderViews.swift */,
				A1000015AAAAAAAA00000015 /* Shaders.metal */,
				A1000019CCCCCCCC00000019 /* Assets.xcassets */,
				A1000009AAAAAAAA00000009 /* Info.plist */,
			);
			name = "";
			sourceTree = "<group>";
		};
		A1000032AAAAAAAA00000032 /* Products */ = {
			isa = PBXGroup;
			children = (
				A1000010AAAAAAAA00000010 /* ProCamera.app */,
				A1000036EEEEEEEE00000002 /* ShutterWidgets.appex */,
				A1000037EEEEEEEE00000002 /* ShutterCaptureExtension.appex */,
			);
			name = Products;
			sourceTree = "<group>";
		};
/* End PBXGroup section */

/* Begin PBXNativeTarget section */
		A1000040AAAAAAAA00000040 /* ProCamera */ = {
			isa = PBXNativeTarget;
			buildConfigurationList = A1000050AAAAAAAA00000050 /* Build configuration list for PBXNativeTarget "ProCamera" */;
			buildPhases = (
				A1000041AAAAAAAA00000041 /* Sources */,
				A1000020AAAAAAAA00000020 /* Frameworks */,
				A1000042AAAAAAAA00000042 /* Resources */,
				A10000E0EEEEEEEE00000001 /* Embed Foundation Extensions */,
			);
			buildRules = (
			);
			dependencies = (
				A10000D0WWWWWWWW00000001 /* PBXTargetDependency */,
				A10000D1CCCCCCC000000001 /* PBXTargetDependency */,
			);
			name = ProCamera;
			packageProductDependencies = (
				A1000020DDDDDDDD00000002 /* Fingertips */,
			);
			productName = ProCamera;
			productReference = A1000010AAAAAAAA00000010 /* ProCamera.app */;
			productType = "com.apple.product-type.application";
		};

		A10000W2WWWWWWWW00000001 /* ShutterWidgets */ = {
			isa = PBXNativeTarget;
			buildConfigurationList = A10000W5WWWWWWWW00000001 /* Build configuration list for PBXNativeTarget "ShutterWidgets" */;
			buildPhases = (
				A10000W3WWWWWWWW00000001 /* Sources */,
				A10000W1WWWWWWWW00000001 /* Frameworks */,
				A10000W4WWWWWWWW00000001 /* Resources */,
			);
			buildRules = (
			);
			dependencies = (
			);
			name = ShutterWidgets;
			productName = ShutterWidgets;
			productReference = A1000036EEEEEEEE00000002 /* ShutterWidgets.appex */;
			productType = "com.apple.product-type.app-extension";
		};
		A10000C2CCCCCCC000000001 /* ShutterCaptureExtension */ = {
			isa = PBXNativeTarget;
			buildConfigurationList = A10000C5CCCCCCC000000001 /* Build configuration list for PBXNativeTarget "ShutterCaptureExtension" */;
			buildPhases = (
				A10000C3CCCCCCC000000001 /* Sources */,
				A10000C1CCCCCCC000000001 /* Frameworks */,
				A10000C4CCCCCCC000000001 /* Resources */,
			);
			buildRules = (
			);
			dependencies = (
			);
			name = ShutterCaptureExtension;
			productName = ShutterCaptureExtension;
			productReference = A1000037EEEEEEEE00000002 /* ShutterCaptureExtension.appex */;
			productType = "com.apple.product-type.app-extension";
		};
/* End PBXNativeTarget section */

/* Begin PBXProject section */
		A1000060AAAAAAAA00000060 /* Project object */ = {
			isa = PBXProject;
			attributes = {
				BuildIndependentTargetsInParallel = 1;
				LastSwiftUpdateCheck = 1520;
				LastUpgradeCheck = 2620;
				TargetAttributes = {
					A1000040AAAAAAAA00000040 = {
						CreatedOnToolsVersion = 15.2;
					};
					A10000W2WWWWWWWW00000001 = {
						CreatedOnToolsVersion = 15.2;
					};
					A10000C2CCCCCCC000000001 = {
						CreatedOnToolsVersion = 15.2;
					};
				};
			};
			buildConfigurationList = A1000061AAAAAAAA00000061 /* Build configuration list for PBXProject "ProCamera" */;
			compatibilityVersion = "Xcode 14.0";
			developmentRegion = en;
			hasScannedForEncodings = 0;
			knownRegions = (
				en,
				Base,
			);
			mainGroup = A1000030AAAAAAAA00000030;
			packageReferences = (
				A1000020DDDDDDDD00000003 /* XCRemoteSwiftPackageReference "Fingertips" */,
			);
			productRefGroup = A1000032AAAAAAAA00000032 /* Products */;
			projectDirPath = "";
			projectRoot = "";
			targets = (
				A1000040AAAAAAAA00000040 /* ProCamera */,
				A10000W2WWWWWWWW00000001 /* ShutterWidgets */,
				A10000C2CCCCCCC000000001 /* ShutterCaptureExtension */,
			);
		};
/* End PBXProject section */

/* Begin PBXResourcesBuildPhase section */
		A1000042AAAAAAAA00000042 /* Resources */ = {
			isa = PBXResourcesBuildPhase;
			buildActionMask = 2147483647;
			files = (
				A1000018CCCCCCCC00000018 /* Assets.xcassets in Resources */,
			);
			runOnlyForDeploymentPostprocessing = 0;
		};

		A10000W4WWWWWWWW00000001 /* Resources */ = {
			isa = PBXResourcesBuildPhase;
			buildActionMask = 2147483647;
			files = (
			);
			runOnlyForDeploymentPostprocessing = 0;
		};
		A10000C4CCCCCCC000000001 /* Resources */ = {
			isa = PBXResourcesBuildPhase;
			buildActionMask = 2147483647;
			files = (
			);
			runOnlyForDeploymentPostprocessing = 0;
		};
/* End PBXResourcesBuildPhase section */

/* Begin PBXSourcesBuildPhase section */
		A1000041AAAAAAAA00000041 /* Sources */ = {
			isa = PBXSourcesBuildPhase;
			buildActionMask = 2147483647;
			files = (
				A1000001AAAAAAAA00000001 /* ProCameraApp.swift in Sources */,
				A1000003AAAAAAAA00000003 /* ContentView.swift in Sources */,
				A1000005AAAAAAAA00000005 /* CameraManager.swift in Sources */,
				A1000007AAAAAAAA00000007 /* CameraPreviewView.swift in Sources */,
				A1000016BBBBBBBB00000016 /* FilteredCameraPreview.swift in Sources */,
				A100001ABBBBBBBB0000001A /* LensFXEngine.swift in Sources */,
				A100001CBBBBBBBB0000001C /* PhotoBook.swift in Sources */,
				A100001EBBBBBBBB0000001E /* CloudBooks.swift in Sources */,
				A1000022EEEEEEEE00000001 /* ShootCull.swift in Sources */,
				A1000023EEEEEEEE00000001 /* CullGallery.swift in Sources */,
				A1000024EEEEEEEE00000001 /* CullChrome.swift in Sources */,
				A1000025FFFFFFFF00000001 /* ViewfinderAids.swift in Sources */,
				A1000026FFFFFFFF00000001 /* LookRecipes.swift in Sources */,
				A1000027GGGGGGGG00000001 /* ShutterDeepLink.swift in Sources */,
				A1000028GGGGGGGG00000001 /* ShutterCaptureContext.swift in Sources */,
				A1000029GGGGGGGG00000001 /* ShutterAppIntents.swift in Sources */,
				A100002ASSSSSSSS00000001 /* ShutterSettings.swift in Sources */,
				A100002BPPPPPPPP00000001 /* ProofExport.swift in Sources */,
				A100000BAAAAAAAA0000000B /* AnalogGaugeView.swift in Sources */,
				A100000DAAAAAAAA0000000D /* ViewfinderOverlay.swift in Sources */,
				A100000FAAAAAAAA0000000F /* ControlComponents.swift in Sources */,
				A1000012AAAAAAAA00000012 /* ShaderViews.swift in Sources */,
				A1000014AAAAAAAA00000014 /* Shaders.metal in Sources */,
			);
			runOnlyForDeploymentPostprocessing = 0;
		};

		A10000W3WWWWWWWW00000001 /* Sources */ = {
			isa = PBXSourcesBuildPhase;
			buildActionMask = 2147483647;
			files = (
				A1000030WWWWWWWW00000001 /* ShutterWidgetsBundle.swift in Sources */,
				A1000031WWWWWWWW00000001 /* ShutterDeepLink.swift in Sources */,
				A1000032WWWWWWWW00000001 /* ShutterCaptureContext.swift in Sources */,
			);
			runOnlyForDeploymentPostprocessing = 0;
		};
		A10000C3CCCCCCC000000001 /* Sources */ = {
			isa = PBXSourcesBuildPhase;
			buildActionMask = 2147483647;
			files = (
				A1000033CCCCCCC000000001 /* ShutterCaptureExtension.swift in Sources */,
				A1000034CCCCCCC000000001 /* ShutterDeepLink.swift in Sources */,
				A1000035CCCCCCC000000001 /* ShutterCaptureContext.swift in Sources */,
			);
			runOnlyForDeploymentPostprocessing = 0;
		};
/* End PBXSourcesBuildPhase section */


/* Begin PBXContainerItemProxy section */
		A10000P0WWWWWWWW00000001 /* PBXContainerItemProxy */ = {
			isa = PBXContainerItemProxy;
			containerPortal = A1000060AAAAAAAA00000060 /* Project object */;
			proxyType = 1;
			remoteGlobalIDString = A10000W2WWWWWWWW00000001;
			remoteInfo = ShutterWidgets;
		};
		A10000P1CCCCCCC000000001 /* PBXContainerItemProxy */ = {
			isa = PBXContainerItemProxy;
			containerPortal = A1000060AAAAAAAA00000060 /* Project object */;
			proxyType = 1;
			remoteGlobalIDString = A10000C2CCCCCCC000000001;
			remoteInfo = ShutterCaptureExtension;
		};
/* End PBXContainerItemProxy section */

/* Begin PBXTargetDependency section */
		A10000D0WWWWWWWW00000001 /* PBXTargetDependency */ = {
			isa = PBXTargetDependency;
			target = A10000W2WWWWWWWW00000001 /* ShutterWidgets */;
			targetProxy = A10000P0WWWWWWWW00000001 /* PBXContainerItemProxy */;
		};
		A10000D1CCCCCCC000000001 /* PBXTargetDependency */ = {
			isa = PBXTargetDependency;
			target = A10000C2CCCCCCC000000001 /* ShutterCaptureExtension */;
			targetProxy = A10000P1CCCCCCC000000001 /* PBXContainerItemProxy */;
		};
/* End PBXTargetDependency section */

/* Begin XCBuildConfiguration section */
		A1000070AAAAAAAA00000070 /* Debug */ = {
			isa = XCBuildConfiguration;
			buildSettings = {
				ALWAYS_SEARCH_USER_PATHS = NO;
				ASSETCATALOG_COMPILER_GENERATE_SWIFT_ASSET_SYMBOL_EXTENSIONS = YES;
				CLANG_ANALYZER_NONNULL = YES;
				CLANG_ANALYZER_NUMBER_OBJECT_CONVERSION = YES_AGGRESSIVE;
				CLANG_CXX_LANGUAGE_STANDARD = "gnu++20";
				CLANG_ENABLE_MODULES = YES;
				CLANG_ENABLE_OBJC_ARC = YES;
				CLANG_ENABLE_OBJC_WEAK = YES;
				CLANG_WARN_BLOCK_CAPTURE_AUTORELEASING = YES;
				CLANG_WARN_BOOL_CONVERSION = YES;
				CLANG_WARN_COMMA = YES;
				CLANG_WARN_CONSTANT_CONVERSION = YES;
				CLANG_WARN_DEPRECATED_OBJC_IMPLEMENTATIONS = YES;
				CLANG_WARN_DIRECT_OBJC_ISA_USAGE = YES_ERROR;
				CLANG_WARN_DOCUMENTATION_COMMENTS = YES;
				CLANG_WARN_EMPTY_BODY = YES;
				CLANG_WARN_ENUM_CONVERSION = YES;
				CLANG_WARN_INFINITE_RECURSION = YES;
				CLANG_WARN_INT_CONVERSION = YES;
				CLANG_WARN_NON_LITERAL_NULL_CONVERSION = YES;
				CLANG_WARN_OBJC_IMPLICIT_RETAIN_SELF = YES;
				CLANG_WARN_OBJC_LITERAL_CONVERSION = YES;
				CLANG_WARN_OBJC_ROOT_CLASS = YES_ERROR;
				CLANG_WARN_QUOTED_INCLUDE_IN_FRAMEWORK_HEADER = YES;
				CLANG_WARN_RANGE_LOOP_ANALYSIS = YES;
				CLANG_WARN_STRICT_PROTOTYPES = YES;
				CLANG_WARN_SUSPICIOUS_MOVE = YES;
				CLANG_WARN_UNGUARDED_AVAILABILITY = YES_AGGRESSIVE;
				CLANG_WARN_UNREACHABLE_CODE = YES;
				CLANG_WARN__DUPLICATE_METHOD_MATCH = YES;
				COPY_PHASE_STRIP = NO;
				DEBUG_INFORMATION_FORMAT = dwarf;
				DEVELOPMENT_TEAM = 9DKG694QL7;
				ENABLE_STRICT_OBJC_MSGSEND = YES;
				ENABLE_TESTABILITY = YES;
				ENABLE_USER_SCRIPT_SANDBOXING = YES;
				GCC_C_LANGUAGE_STANDARD = gnu17;
				GCC_DYNAMIC_NO_PIC = NO;
				GCC_NO_COMMON_BLOCKS = YES;
				GCC_OPTIMIZATION_LEVEL = 0;
				GCC_PREPROCESSOR_DEFINITIONS = (
					"DEBUG=1",
					"$(inherited)",
				);
				GCC_WARN_64_TO_32_BIT_CONVERSION = YES;
				GCC_WARN_ABOUT_RETURN_TYPE = YES_ERROR;
				GCC_WARN_UNDECLARED_SELECTOR = YES;
				GCC_WARN_UNINITIALIZED_AUTOS = YES_AGGRESSIVE;
				GCC_WARN_UNUSED_FUNCTION = YES;
				GCC_WARN_UNUSED_VARIABLE = YES;
				IPHONEOS_DEPLOYMENT_TARGET = 17.0;
				LOCALIZATION_PREFERS_STRING_CATALOGS = YES;
				MTL_ENABLE_DEBUG_INFO = INCLUDE_SOURCE;
				MTL_FAST_MATH = YES;
				ONLY_ACTIVE_ARCH = YES;
				SDKROOT = iphoneos;
				STRING_CATALOG_GENERATE_SYMBOLS = YES;
				SWIFT_ACTIVE_COMPILATION_CONDITIONS = "DEBUG $(inherited)";
				SWIFT_OPTIMIZATION_LEVEL = "-Onone";
			};
			name = Debug;
		};
		A1000071AAAAAAAA00000071 /* Release */ = {
			isa = XCBuildConfiguration;
			buildSettings = {
				ALWAYS_SEARCH_USER_PATHS = NO;
				ASSETCATALOG_COMPILER_GENERATE_SWIFT_ASSET_SYMBOL_EXTENSIONS = YES;
				CLANG_ANALYZER_NONNULL = YES;
				CLANG_ANALYZER_NUMBER_OBJECT_CONVERSION = YES_AGGRESSIVE;
				CLANG_CXX_LANGUAGE_STANDARD = "gnu++20";
				CLANG_ENABLE_MODULES = YES;
				CLANG_ENABLE_OBJC_ARC = YES;
				CLANG_ENABLE_OBJC_WEAK = YES;
				CLANG_WARN_BLOCK_CAPTURE_AUTORELEASING = YES;
				CLANG_WARN_BOOL_CONVERSION = YES;
				CLANG_WARN_COMMA = YES;
				CLANG_WARN_CONSTANT_CONVERSION = YES;
				CLANG_WARN_DEPRECATED_OBJC_IMPLEMENTATIONS = YES;
				CLANG_WARN_DIRECT_OBJC_ISA_USAGE = YES_ERROR;
				CLANG_WARN_DOCUMENTATION_COMMENTS = YES;
				CLANG_WARN_EMPTY_BODY = YES;
				CLANG_WARN_ENUM_CONVERSION = YES;
				CLANG_WARN_INFINITE_RECURSION = YES;
				CLANG_WARN_INT_CONVERSION = YES;
				CLANG_WARN_NON_LITERAL_NULL_CONVERSION = YES;
				CLANG_WARN_OBJC_IMPLICIT_RETAIN_SELF = YES;
				CLANG_WARN_OBJC_LITERAL_CONVERSION = YES;
				CLANG_WARN_OBJC_ROOT_CLASS = YES_ERROR;
				CLANG_WARN_QUOTED_INCLUDE_IN_FRAMEWORK_HEADER = YES;
				CLANG_WARN_RANGE_LOOP_ANALYSIS = YES;
				CLANG_WARN_STRICT_PROTOTYPES = YES;
				CLANG_WARN_SUSPICIOUS_MOVE = YES;
				CLANG_WARN_UNGUARDED_AVAILABILITY = YES_AGGRESSIVE;
				CLANG_WARN_UNREACHABLE_CODE = YES;
				CLANG_WARN__DUPLICATE_METHOD_MATCH = YES;
				COPY_PHASE_STRIP = NO;
				DEBUG_INFORMATION_FORMAT = "dwarf-with-dsym";
				DEVELOPMENT_TEAM = 9DKG694QL7;
				ENABLE_NS_ASSERTIONS = NO;
				ENABLE_STRICT_OBJC_MSGSEND = YES;
				ENABLE_USER_SCRIPT_SANDBOXING = YES;
				GCC_C_LANGUAGE_STANDARD = gnu17;
				GCC_NO_COMMON_BLOCKS = YES;
				GCC_WARN_64_TO_32_BIT_CONVERSION = YES;
				GCC_WARN_ABOUT_RETURN_TYPE = YES_ERROR;
				GCC_WARN_UNDECLARED_SELECTOR = YES;
				GCC_WARN_UNINITIALIZED_AUTOS = YES_AGGRESSIVE;
				GCC_WARN_UNUSED_FUNCTION = YES;
				GCC_WARN_UNUSED_VARIABLE = YES;
				IPHONEOS_DEPLOYMENT_TARGET = 17.0;
				LOCALIZATION_PREFERS_STRING_CATALOGS = YES;
				MTL_ENABLE_DEBUG_INFO = NO;
				MTL_FAST_MATH = YES;
				SDKROOT = iphoneos;
				STRING_CATALOG_GENERATE_SYMBOLS = YES;
				SWIFT_COMPILATION_MODE = wholemodule;
				VALIDATE_PRODUCT = YES;
			};
			name = Release;
		};
		A1000072AAAAAAAA00000072 /* Debug */ = {
			isa = XCBuildConfiguration;
			buildSettings = {
				ASSETCATALOG_COMPILER_APPICON_NAME = AppIcon;
				ASSETCATALOG_COMPILER_GLOBAL_ACCENT_COLOR_NAME = AccentColor;
				CODE_SIGN_ENTITLEMENTS = ProCameraDebug.entitlements;
				CODE_SIGN_STYLE = Automatic;
				CURRENT_PROJECT_VERSION = 15;
				ENABLE_PREVIEWS = YES;
				GENERATE_INFOPLIST_FILE = NO;
				INFOPLIST_FILE = Info.plist;
				DISPLAY_NAME = "Shutter DEV";
				INFOPLIST_KEY_CFBundleDisplayName = "Shutter DEV";
				INFOPLIST_KEY_UIApplicationSceneManifest_Generation = YES;
				INFOPLIST_KEY_UIApplicationSupportsIndirectInputEvents = YES;
				INFOPLIST_KEY_UILaunchScreen_Generation = YES;
				INFOPLIST_KEY_UISupportedInterfaceOrientations = "UIInterfaceOrientationPortrait UIInterfaceOrientationLandscapeLeft UIInterfaceOrientationLandscapeRight";
				LD_RUNPATH_SEARCH_PATHS = (
					"$(inherited)",
					"@executable_path/Frameworks",
				);
				MARKETING_VERSION = 1.0;
				PRODUCT_BUNDLE_IDENTIFIER = com.skylardann.filmcam.dev;
				PRODUCT_NAME = "$(TARGET_NAME)";
				SWIFT_EMIT_LOC_STRINGS = YES;
				SWIFT_VERSION = 5.0;
				TARGETED_DEVICE_FAMILY = "1,2";
			};
			name = Debug;
		};
		A1000073AAAAAAAA00000073 /* Release */ = {
			isa = XCBuildConfiguration;
			buildSettings = {
				ASSETCATALOG_COMPILER_APPICON_NAME = AppIcon;
				ASSETCATALOG_COMPILER_GLOBAL_ACCENT_COLOR_NAME = AccentColor;
				CODE_SIGN_ENTITLEMENTS = ProCamera.entitlements;
				CODE_SIGN_STYLE = Automatic;
				CURRENT_PROJECT_VERSION = 15;
				ENABLE_PREVIEWS = YES;
				GENERATE_INFOPLIST_FILE = NO;
				INFOPLIST_FILE = Info.plist;
				DISPLAY_NAME = "Shutter";
				INFOPLIST_KEY_CFBundleDisplayName = "Shutter";
				INFOPLIST_KEY_UIApplicationSceneManifest_Generation = YES;
				INFOPLIST_KEY_UIApplicationSupportsIndirectInputEvents = YES;
				INFOPLIST_KEY_UILaunchScreen_Generation = YES;
				INFOPLIST_KEY_UISupportedInterfaceOrientations = "UIInterfaceOrientationPortrait UIInterfaceOrientationLandscapeLeft UIInterfaceOrientationLandscapeRight";
				LD_RUNPATH_SEARCH_PATHS = (
					"$(inherited)",
					"@executable_path/Frameworks",
				);
				MARKETING_VERSION = 1.0;
				PRODUCT_BUNDLE_IDENTIFIER = com.skylardann.filmcam;
				PRODUCT_NAME = "$(TARGET_NAME)";
				SWIFT_EMIT_LOC_STRINGS = YES;
				SWIFT_VERSION = 5.0;
				TARGETED_DEVICE_FAMILY = "1,2";
			};
			name = Release;
		};

		A10000W6WWWWWWWW00000001 /* Debug */ = {
			isa = XCBuildConfiguration;
			buildSettings = {
				CODE_SIGN_ENTITLEMENTS = ShutterWidgets/ShutterWidgets.entitlements;
				CODE_SIGN_STYLE = Automatic;
				CURRENT_PROJECT_VERSION = 29;
				DEVELOPMENT_TEAM = 9DKG694QL7;
				GENERATE_INFOPLIST_FILE = NO;
				INFOPLIST_FILE = ShutterWidgets/Info.plist;
				IPHONEOS_DEPLOYMENT_TARGET = 17.0;
				LD_RUNPATH_SEARCH_PATHS = (
					"$(inherited)",
					"@executable_path/Frameworks",
					"@executable_path/../../Frameworks",
				);
				MARKETING_VERSION = 1.0;
				PRODUCT_BUNDLE_IDENTIFIER = com.skylardann.filmcam.dev.widgets;
				PRODUCT_NAME = "$(TARGET_NAME)";
				SDKROOT = iphoneos;
				SKIP_INSTALL = YES;
				SWIFT_EMIT_LOC_STRINGS = YES;
				SWIFT_VERSION = 5.0;
				TARGETED_DEVICE_FAMILY = "1,2";
			};
			name = Debug;
		};
		A10000W7WWWWWWWW00000001 /* Release */ = {
			isa = XCBuildConfiguration;
			buildSettings = {
				CODE_SIGN_ENTITLEMENTS = ShutterWidgets/ShutterWidgets.entitlements;
				CODE_SIGN_STYLE = Automatic;
				CURRENT_PROJECT_VERSION = 29;
				DEVELOPMENT_TEAM = 9DKG694QL7;
				GENERATE_INFOPLIST_FILE = NO;
				INFOPLIST_FILE = ShutterWidgets/Info.plist;
				IPHONEOS_DEPLOYMENT_TARGET = 17.0;
				LD_RUNPATH_SEARCH_PATHS = (
					"$(inherited)",
					"@executable_path/Frameworks",
					"@executable_path/../../Frameworks",
				);
				MARKETING_VERSION = 1.0;
				PRODUCT_BUNDLE_IDENTIFIER = com.skylardann.filmcam.widgets;
				PRODUCT_NAME = "$(TARGET_NAME)";
				SDKROOT = iphoneos;
				SKIP_INSTALL = YES;
				SWIFT_EMIT_LOC_STRINGS = YES;
				SWIFT_VERSION = 5.0;
				TARGETED_DEVICE_FAMILY = "1,2";
				VALIDATE_PRODUCT = YES;
			};
			name = Release;
		};
		A10000C6CCCCCCC000000001 /* Debug */ = {
			isa = XCBuildConfiguration;
			buildSettings = {
				CODE_SIGN_ENTITLEMENTS = ShutterCaptureExtension/ShutterCaptureExtension.entitlements;
				CODE_SIGN_STYLE = Automatic;
				CURRENT_PROJECT_VERSION = 29;
				DEVELOPMENT_TEAM = 9DKG694QL7;
				GENERATE_INFOPLIST_FILE = NO;
				INFOPLIST_FILE = ShutterCaptureExtension/Info.plist;
				IPHONEOS_DEPLOYMENT_TARGET = 18.0;
				LD_RUNPATH_SEARCH_PATHS = (
					"$(inherited)",
					"@executable_path/Frameworks",
					"@executable_path/../../Frameworks",
				);
				MARKETING_VERSION = 1.0;
				PRODUCT_BUNDLE_IDENTIFIER = com.skylardann.filmcam.dev.capture;
				PRODUCT_NAME = "$(TARGET_NAME)";
				SDKROOT = iphoneos;
				SKIP_INSTALL = YES;
				SWIFT_EMIT_LOC_STRINGS = YES;
				SWIFT_VERSION = 5.0;
				TARGETED_DEVICE_FAMILY = "1,2";
			};
			name = Debug;
		};
		A10000C7CCCCCCC000000001 /* Release */ = {
			isa = XCBuildConfiguration;
			buildSettings = {
				CODE_SIGN_ENTITLEMENTS = ShutterCaptureExtension/ShutterCaptureExtension.entitlements;
				CODE_SIGN_STYLE = Automatic;
				CURRENT_PROJECT_VERSION = 29;
				DEVELOPMENT_TEAM = 9DKG694QL7;
				GENERATE_INFOPLIST_FILE = NO;
				INFOPLIST_FILE = ShutterCaptureExtension/Info.plist;
				IPHONEOS_DEPLOYMENT_TARGET = 18.0;
				LD_RUNPATH_SEARCH_PATHS = (
					"$(inherited)",
					"@executable_path/Frameworks",
					"@executable_path/../../Frameworks",
				);
				MARKETING_VERSION = 1.0;
				PRODUCT_BUNDLE_IDENTIFIER = com.skylardann.filmcam.capture;
				PRODUCT_NAME = "$(TARGET_NAME)";
				SDKROOT = iphoneos;
				SKIP_INSTALL = YES;
				SWIFT_EMIT_LOC_STRINGS = YES;
				SWIFT_VERSION = 5.0;
				TARGETED_DEVICE_FAMILY = "1,2";
				VALIDATE_PRODUCT = YES;
			};
			name = Release;
		};
/* End XCBuildConfiguration section */

/* Begin XCConfigurationList section */
		A1000050AAAAAAAA00000050 /* Build configuration list for PBXNativeTarget "ProCamera" */ = {
			isa = XCConfigurationList;
			buildConfigurations = (
				A1000072AAAAAAAA00000072 /* Debug */,
				A1000073AAAAAAAA00000073 /* Release */,
			);
			defaultConfigurationIsVisible = 0;
			defaultConfigurationName = Release;
		};
		A1000061AAAAAAAA00000061 /* Build configuration list for PBXProject "ProCamera" */ = {
			isa = XCConfigurationList;
			buildConfigurations = (
				A1000070AAAAAAAA00000070 /* Debug */,
				A1000071AAAAAAAA00000071 /* Release */,
			);
			defaultConfigurationIsVisible = 0;
			defaultConfigurationName = Release;
		};

		A10000W5WWWWWWWW00000001 /* Build configuration list for PBXNativeTarget "ShutterWidgets" */ = {
			isa = XCConfigurationList;
			buildConfigurations = (
				A10000W6WWWWWWWW00000001 /* Debug */,
				A10000W7WWWWWWWW00000001 /* Release */,
			);
			defaultConfigurationIsVisible = 0;
			defaultConfigurationName = Release;
		};
		A10000C5CCCCCCC000000001 /* Build configuration list for PBXNativeTarget "ShutterCaptureExtension" */ = {
			isa = XCConfigurationList;
			buildConfigurations = (
				A10000C6CCCCCCC000000001 /* Debug */,
				A10000C7CCCCCCC000000001 /* Release */,
			);
			defaultConfigurationIsVisible = 0;
			defaultConfigurationName = Release;
		};
/* End XCConfigurationList section */

/* Begin XCRemoteSwiftPackageReference section */
		A1000020DDDDDDDD00000003 /* XCRemoteSwiftPackageReference "Fingertips" */ = {
			isa = XCRemoteSwiftPackageReference;
			repositoryURL = "https://github.com/mapbox/Fingertips.git";
			requirement = {
				kind = upToNextMajorVersion;
				minimumVersion = 0.6.0;
			};
		};
/* End XCRemoteSwiftPackageReference section */

/* Begin XCSwiftPackageProductDependency section */
		A1000020DDDDDDDD00000002 /* Fingertips */ = {
			isa = XCSwiftPackageProductDependency;
			package = A1000020DDDDDDDD00000003 /* XCRemoteSwiftPackageReference "Fingertips" */;
			productName = Fingertips;
		};
/* End XCSwiftPackageProductDependency section */
	};
	rootObject = A1000060AAAAAAAA00000060 /* Project object */;
}
